
Microsoft Visual Studio Solution File, Format Version 12.00
# Visual Studio Version 17
VisualStudioVersion = 17.0.32112.339
MinimumVisualStudioVersion = 10.0.40219.1
Project("{FAE04EC0-301F-11D3-BF4B-00C04F79EFBC}") = "WebApplication9", "WebApplication9\WebApplication9.csproj", "{E11C870A-1652-4793-AF37-57BE862F30F7}"
EndProject
Global
	GlobalSection(SolutionConfigurationPlatforms) = preSolution
		Debug|Any CPU = Debug|Any CPU
		Release|Any CPU = Release|Any CPU
	EndGlobalSection
	GlobalSection(ProjectConfigurationPlatforms) = postSolution
		{E11C870A-1652-4793-AF37-57BE862F30F7}.Debug|Any CPU.ActiveCfg = Debug|Any CPU
		{E11C870A-1652-4793-AF37-57BE862F30F7}.Debug|Any CPU.Build.0 = Debug|Any CPU
		{E11C870A-1652-4793-AF37-57BE862F30F7}.Release|Any CPU.ActiveCfg = Release|Any CPU
		{E11C870A-1652-4793-AF37-57BE862F30F7}.Release|Any CPU.Build.0 = Release|Any CPU
	EndGlobalSection
	GlobalSection(SolutionProperties) = preSolution
		HideSolutionNode = FALSE
	EndGlobalSection
	GlobalSection(ExtensibilityGlobals) = postSolution
		SolutionGuid = {01F4E614-174E-43FD-BB74-6DDE16440845}
	EndGlobalSection
EndGlobal
